
Microsoft Visual Studio Solution File, Format Version 12.00
# Visual Studio Version 16
VisualStudioVersion = 16.0.33027.164
MinimumVisualStudioVersion = 10.0.40219.1
Project("{FAE04EC0-301F-11D3-BF4B-00C04F79EFBC}") = "CardGame", "CardGame\CardGame.csproj", "{7098440E-5D1A-4761-97E0-C8A3A094CECD}"
EndProject
Global
	GlobalSection(SolutionConfigurationPlatforms) = preSolution
		Debug|Any CPU = Debug|Any CPU
		Release|Any CPU = Release|Any CPU
	EndGlobalSection
	GlobalSection(ProjectConfigurationPlatforms) = postSolution
		{7098440E-5D1A-4761-97E0-C8A3A094CECD}.Debug|Any CPU.ActiveCfg = Debug|Any CPU
		{7098440E-5D1A-4761-97E0-C8A3A094CECD}.Debug|Any CPU.Build.0 = Debug|Any CPU
		{7098440E-5D1A-4761-97E0-C8A3A094CECD}.Release|Any CPU.ActiveCfg = Release|Any CPU
		{7098440E-5D1A-4761-97E0-C8A3A094CECD}.Release|Any CPU.Build.0 = Release|Any CPU
	EndGlobalSection
	GlobalSection(SolutionProperties) = preSolution
		HideSolutionNode = FALSE
	EndGlobalSection
	GlobalSection(ExtensibilityGlobals) = postSolution
		SolutionGuid = {6F2C1717-6E30-4409-A2DC-44046DE81BF2}
	EndGlobalSection
EndGlobal
